
Microsoft Visual Studio Solution File, Format Version 12.00
# Visual Studio 2013
VisualStudioVersion = 12.0.31101.0
MinimumVisualStudioVersion = 10.0.40219.1
Project("{FAE04EC0-301F-11D3-BF4B-00C04F79EFBC}") = "Problem03_Animals", "Problem03_Animals\Problem03_Animals.csproj", "{F061BF94-0A86-4F61-B97C-7000AB39F40F}"
EndProject
Project("{FAE04EC0-301F-11D3-BF4B-00C04F79EFBC}") = "Problem02_Human_Student_Worker", "Problem02_Human_Student_Worker\Problem02_Human_Student_Worker.csproj", "{07A58EDA-0F04-4C33-AE0F-DD9633FCAA79}"
EndProject
Project("{FAE04EC0-301F-11D3-BF4B-00C04F79EFBC}") = "Problem04_Company_Hierarchy", "Problem04_Company_Hierarchy\Problem04_Company_Hierarchy.csproj", "{848C2BDC-9498-4D5B-A676-838219A7BBAA}"
EndProject
Project("{FAE04EC0-301F-11D3-BF4B-00C04F79EFBC}") = "Problem01_School", "Problem01_School\Problem01_School.csproj", "{AF904FBC-72BA-4BA1-85F9-15FBA4C87029}"
EndProject
Global
	GlobalSection(SolutionConfigurationPlatforms) = preSolution
		Debug|Any CPU = Debug|Any CPU
		Release|Any CPU = Release|Any CPU
	EndGlobalSection
	GlobalSection(ProjectConfigurationPlatforms) = postSolution
		{F061BF94-0A86-4F61-B97C-7000AB39F40F}.Debug|Any CPU.ActiveCfg = Debug|Any CPU
		{F061BF94-0A86-4F61-B97C-7000AB39F40F}.Debug|Any CPU.Build.0 = Debug|Any CPU
		{F061BF94-0A86-4F61-B97C-7000AB39F40F}.Release|Any CPU.ActiveCfg = Release|Any CPU
		{F061BF94-0A86-4F61-B97C-7000AB39F40F}.Release|Any CPU.Build.0 = Release|Any CPU
		{07A58EDA-0F04-4C33-AE0F-DD9633FCAA79}.Debug|Any CPU.ActiveCfg = Debug|Any CPU
		{07A58EDA-0F04-4C33-AE0F-DD9633FCAA79}.Debug|Any CPU.Build.0 = Debug|Any CPU
		{07A58EDA-0F04-4C33-AE0F-DD9633FCAA79}.Release|Any CPU.ActiveCfg = Release|Any CPU
		{07A58EDA-0F04-4C33-AE0F-DD9633FCAA79}.Release|Any CPU.Build.0 = Release|Any CPU
		{848C2BDC-9498-4D5B-A676-838219A7BBAA}.Debug|Any CPU.ActiveCfg = Debug|Any CPU
		{848C2BDC-9498-4D5B-A676-838219A7BBAA}.Debug|Any CPU.Build.0 = Debug|Any CPU
		{848C2BDC-9498-4D5B-A676-838219A7BBAA}.Release|Any CPU.ActiveCfg = Release|Any CPU
		{848C2BDC-9498-4D5B-A676-838219A7BBAA}.Release|Any CPU.Build.0 = Release|Any CPU
		{AF904FBC-72BA-4BA1-85F9-15FBA4C87029}.Debug|Any CPU.ActiveCfg = Debug|Any CPU
		{AF904FBC-72BA-4BA1-85F9-15FBA4C87029}.Debug|Any CPU.Build.0 = Debug|Any CPU
		{AF904FBC-72BA-4BA1-85F9-15FBA4C87029}.Release|Any CPU.ActiveCfg = Release|Any CPU
		{AF904FBC-72BA-4BA1-85F9-15FBA4C87029}.Release|Any CPU.Build.0 = Release|Any CPU
	EndGlobalSection
	GlobalSection(SolutionProperties) = preSolution
		HideSolutionNode = FALSE
	EndGlobalSection
EndGlobal
